
Microsoft Visual Studio Solution File, Format Version 12.00
Project("{FAE04EC0-301F-11D3-BF4B-00C04F79EFBC}") = "API", "API\API.csproj", "{C22E5DE6-8A00-40F9-9531-AF7AA792B5A2}"
EndProject
Project("{FAE04EC0-301F-11D3-BF4B-00C04F79EFBC}") = "IntegrationTests", "IntegrationTests\IntegrationTests.csproj", "{E4792F7E-DBE7-4537-9D11-F5A4F09BFE3D}"
EndProject
Project("{FAE04EC0-301F-11D3-BF4B-00C04F79EFBC}") = "LogTests", "LogTests\LogTests.csproj", "{8308E9EF-241E-43DF-8159-BA69387FCAD3}"
EndProject
Global
	GlobalSection(SolutionConfigurationPlatforms) = preSolution
		Debug|Any CPU = Debug|Any CPU
		Release|Any CPU = Release|Any CPU
	EndGlobalSection
	GlobalSection(ProjectConfigurationPlatforms) = postSolution
		{C22E5DE6-8A00-40F9-9531-AF7AA792B5A2}.Debug|Any CPU.ActiveCfg = Debug|Any CPU
		{C22E5DE6-8A00-40F9-9531-AF7AA792B5A2}.Debug|Any CPU.Build.0 = Debug|Any CPU
		{C22E5DE6-8A00-40F9-9531-AF7AA792B5A2}.Release|Any CPU.ActiveCfg = Release|Any CPU
		{C22E5DE6-8A00-40F9-9531-AF7AA792B5A2}.Release|Any CPU.Build.0 = Release|Any CPU
		{E4792F7E-DBE7-4537-9D11-F5A4F09BFE3D}.Debug|Any CPU.ActiveCfg = Debug|Any CPU
		{E4792F7E-DBE7-4537-9D11-F5A4F09BFE3D}.Debug|Any CPU.Build.0 = Debug|Any CPU
		{E4792F7E-DBE7-4537-9D11-F5A4F09BFE3D}.Release|Any CPU.ActiveCfg = Release|Any CPU
		{E4792F7E-DBE7-4537-9D11-F5A4F09BFE3D}.Release|Any CPU.Build.0 = Release|Any CPU
		{8308E9EF-241E-43DF-8159-BA69387FCAD3}.Debug|Any CPU.ActiveCfg = Debug|Any CPU
		{8308E9EF-241E-43DF-8159-BA69387FCAD3}.Debug|Any CPU.Build.0 = Debug|Any CPU
		{8308E9EF-241E-43DF-8159-BA69387FCAD3}.Release|Any CPU.ActiveCfg = Release|Any CPU
		{8308E9EF-241E-43DF-8159-BA69387FCAD3}.Release|Any CPU.Build.0 = Release|Any CPU
	EndGlobalSection
EndGlobal
